schema: '2.0'
stages:
  load_data:
    cmd: python src/components/load_data.py --config=params.yaml
    deps:
    - path: data_given/bank-additional-full.csv
      hash: md5
      md5: 59dac8714096285d57a8f1b500c37c8a
      size: 5834924
    - path: src/components/get_data.py
      hash: md5
      md5: d37599e6666de802c0b93401d9f77e82
      size: 643
    - path: src/components/load_data.py
      hash: md5
      md5: 491585c50da67ea23f3761ad3725eb35
      size: 1130
    - path: src/utils/balance_data.py
      hash: md5
      md5: 717ad8485dce2ab86491755f11a84567
      size: 656
    - path: src/utils/clean_col.py
      hash: md5
      md5: 22583afe891b04313c7f0748ecdb373a
      size: 339
    - path: src/utils/data_concat.py
      hash: md5
      md5: 26b12e8078d4f2a4b1d0b27fdca7e9b3
      size: 292
    outs:
    - path: data/raw/bank_cleaned.csv
      hash: md5
      md5: 1c92d903cb8098a2d10b4dab24b3c66e
      size: 9855636
  split_data:
    cmd: python src/components/split_data.py --config=params.yaml
    deps:
    - path: data/raw/bank_cleaned.csv
      hash: md5
      md5: 1c92d903cb8098a2d10b4dab24b3c66e
      size: 9855636
    - path: src/components/get_data.py
      hash: md5
      md5: d37599e6666de802c0b93401d9f77e82
      size: 643
    - path: src/components/split_data.py
      hash: md5
      md5: 1dcff2f8709e4ce4edfda4fb65cebfb7
      size: 1119
    outs:
    - path: data/processed/test_bank_marketing.csv
      hash: md5
      md5: 70759ac23afa2408f6276d98049d01c7
      size: 1972161
    - path: data/processed/train_bank_marketing.csv
      hash: md5
      md5: 0a4656a03d5af041fa26e16e9a2fd6d2
      size: 7877458
  train_and_evaluate:
    cmd: python src/components/train_and_evaluate.py --config=params.yaml
    deps:
    - path: data/processed/test_bank_marketing.csv
      hash: md5
      md5: 70759ac23afa2408f6276d98049d01c7
      size: 1972161
    - path: data/processed/train_bank_marketing.csv
      hash: md5
      md5: 0a4656a03d5af041fa26e16e9a2fd6d2
      size: 7877458
    - path: src/components/get_data.py
      hash: md5
      md5: d37599e6666de802c0b93401d9f77e82
      size: 643
    - path: src/components/train_and_evaluate.py
      hash: md5
      md5: bd2aacacc7400de1f79e85e9d81ca525
      size: 3022
    params:
      params.yaml:
        estimators.RandomForestClassifier.params.max_depth: 10
        estimators.RandomForestClassifier.params.min_samples_leaf: 5
        estimators.RandomForestClassifier.params.min_samples_split: 4
        estimators.RandomForestClassifier.params.n_estimators: 50
    outs:
    - path: reports/params.json
      hash: md5
      md5: 0f67e9975174e41c8ca874f0ba7a60e2
      size: 107
    - path: reports/scores.json
      hash: md5
      md5: 2fe916d3a73f6bc433c13cd82c5a9df0
      size: 144
    - path: saved_models/model.pkl
      hash: md5
      md5: a8a2c81ec0c432b41cacd1de3c6294bc
      size: 2992554
